
Microsoft Visual Studio Solution File, Format Version 11.00
# Visual Studio 2010
Project("{FAE04EC0-301F-11D3-BF4B-00C04F79EFBC}") = "UnityEngine.UI", "UnityEngine.UI.csproj", "{e550e45b-4163-2454-630a-8e07ecdb242a}"
EndProject
Project("{FAE04EC0-301F-11D3-BF4B-00C04F79EFBC}") = "AstarPathfindingProject", "AstarPathfindingProject.csproj", "{808dd20c-eb97-dadc-04c5-73d32bc90c37}"
EndProject
Project("{FAE04EC0-301F-11D3-BF4B-00C04F79EFBC}") = "Assembly-CSharp", "Assembly-CSharp.csproj", "{1c5e697b-78a1-95d9-c872-709662c52407}"
EndProject
Project("{FAE04EC0-301F-11D3-BF4B-00C04F79EFBC}") = "AstarPathfindingProjectEditor", "AstarPathfindingProjectEditor.csproj", "{17c7076d-be1f-8247-db88-feeb060be081}"
EndProject
Project("{FAE04EC0-301F-11D3-BF4B-00C04F79EFBC}") = "Unity.2D.Sprite.Editor", "Unity.2D.Sprite.Editor.csproj", "{4e6a160e-8f81-4b0c-f59b-33e136da2de1}"
EndProject
Project("{FAE04EC0-301F-11D3-BF4B-00C04F79EFBC}") = "UnityEditor.UI", "UnityEditor.UI.csproj", "{a790b466-b274-edc7-85d5-df3a2702f3aa}"
EndProject
Project("{FAE04EC0-301F-11D3-BF4B-00C04F79EFBC}") = "Unity.2D.Tilemap.Editor", "Unity.2D.Tilemap.Editor.csproj", "{be3a1c84-2056-a18e-2b11-621147920328}"
EndProject
Project("{FAE04EC0-301F-11D3-BF4B-00C04F79EFBC}") = "PackageToolsEditor", "PackageToolsEditor.csproj", "{181ccdea-5def-065a-3d42-d1c14c0706f1}"
EndProject
Global
	GlobalSection(SolutionConfigurationPlatforms) = preSolution
		Debug|Any CPU = Debug|Any CPU
	EndGlobalSection
	GlobalSection(ProjectConfigurationPlatforms) = postSolution
		{e550e45b-4163-2454-630a-8e07ecdb242a}.Debug|Any CPU.ActiveCfg = Debug|Any CPU
		{e550e45b-4163-2454-630a-8e07ecdb242a}.Debug|Any CPU.Build.0 = Debug|Any CPU
		{808dd20c-eb97-dadc-04c5-73d32bc90c37}.Debug|Any CPU.ActiveCfg = Debug|Any CPU
		{808dd20c-eb97-dadc-04c5-73d32bc90c37}.Debug|Any CPU.Build.0 = Debug|Any CPU
		{1c5e697b-78a1-95d9-c872-709662c52407}.Debug|Any CPU.ActiveCfg = Debug|Any CPU
		{1c5e697b-78a1-95d9-c872-709662c52407}.Debug|Any CPU.Build.0 = Debug|Any CPU
		{17c7076d-be1f-8247-db88-feeb060be081}.Debug|Any CPU.ActiveCfg = Debug|Any CPU
		{17c7076d-be1f-8247-db88-feeb060be081}.Debug|Any CPU.Build.0 = Debug|Any CPU
		{4e6a160e-8f81-4b0c-f59b-33e136da2de1}.Debug|Any CPU.ActiveCfg = Debug|Any CPU
		{4e6a160e-8f81-4b0c-f59b-33e136da2de1}.Debug|Any CPU.Build.0 = Debug|Any CPU
		{a790b466-b274-edc7-85d5-df3a2702f3aa}.Debug|Any CPU.ActiveCfg = Debug|Any CPU
		{a790b466-b274-edc7-85d5-df3a2702f3aa}.Debug|Any CPU.Build.0 = Debug|Any CPU
		{be3a1c84-2056-a18e-2b11-621147920328}.Debug|Any CPU.ActiveCfg = Debug|Any CPU
		{be3a1c84-2056-a18e-2b11-621147920328}.Debug|Any CPU.Build.0 = Debug|Any CPU
		{181ccdea-5def-065a-3d42-d1c14c0706f1}.Debug|Any CPU.ActiveCfg = Debug|Any CPU
		{181ccdea-5def-065a-3d42-d1c14c0706f1}.Debug|Any CPU.Build.0 = Debug|Any CPU
	EndGlobalSection
	GlobalSection(SolutionProperties) = preSolution
		HideSolutionNode = FALSE
	EndGlobalSection
EndGlobal
