
Microsoft Visual Studio Solution File, Format Version 11.00
# Visual Studio 2010
Project("{FAE04EC0-301F-11D3-BF4B-00C04F79EFBC}") = "Assembly-CSharp", "Assembly-CSharp.csproj", "{7B695E1C-A178-D995-C872-709662C52407}"
EndProject
Project("{FAE04EC0-301F-11D3-BF4B-00C04F79EFBC}") = "AstarPathfindingProject", "AstarPathfindingProject.csproj", "{0CD28D80-97EB-DCDA-04C5-73D32BC90C37}"
EndProject
Project("{FAE04EC0-301F-11D3-BF4B-00C04F79EFBC}") = "AstarPathfindingProjectEditor", "AstarPathfindingProjectEditor.csproj", "{6D07C717-1FBE-4782-DB88-FEEB060BE081}"
EndProject
Project("{FAE04EC0-301F-11D3-BF4B-00C04F79EFBC}") = "PackageToolsEditor", "PackageToolsEditor.csproj", "{EACD1C18-EF5D-5A06-3D42-D1C14C0706F1}"
EndProject
Global
	GlobalSection(SolutionConfigurationPlatforms) = preSolution
		Debug|Any CPU = Debug|Any CPU
		Release|Any CPU = Release|Any CPU
	EndGlobalSection
	GlobalSection(ProjectConfigurationPlatforms) = postSolution
		{7B695E1C-A178-D995-C872-709662C52407}.Debug|Any CPU.ActiveCfg = Debug|Any CPU
		{7B695E1C-A178-D995-C872-709662C52407}.Debug|Any CPU.Build.0 = Debug|Any CPU
		{7B695E1C-A178-D995-C872-709662C52407}.Release|Any CPU.ActiveCfg = Release|Any CPU
		{7B695E1C-A178-D995-C872-709662C52407}.Release|Any CPU.Build.0 = Release|Any CPU
		{0CD28D80-97EB-DCDA-04C5-73D32BC90C37}.Debug|Any CPU.ActiveCfg = Debug|Any CPU
		{0CD28D80-97EB-DCDA-04C5-73D32BC90C37}.Debug|Any CPU.Build.0 = Debug|Any CPU
		{0CD28D80-97EB-DCDA-04C5-73D32BC90C37}.Release|Any CPU.ActiveCfg = Release|Any CPU
		{0CD28D80-97EB-DCDA-04C5-73D32BC90C37}.Release|Any CPU.Build.0 = Release|Any CPU
		{6D07C717-1FBE-4782-DB88-FEEB060BE081}.Debug|Any CPU.ActiveCfg = Debug|Any CPU
		{6D07C717-1FBE-4782-DB88-FEEB060BE081}.Debug|Any CPU.Build.0 = Debug|Any CPU
		{6D07C717-1FBE-4782-DB88-FEEB060BE081}.Release|Any CPU.ActiveCfg = Release|Any CPU
		{6D07C717-1FBE-4782-DB88-FEEB060BE081}.Release|Any CPU.Build.0 = Release|Any CPU
		{EACD1C18-EF5D-5A06-3D42-D1C14C0706F1}.Debug|Any CPU.ActiveCfg = Debug|Any CPU
		{EACD1C18-EF5D-5A06-3D42-D1C14C0706F1}.Debug|Any CPU.Build.0 = Debug|Any CPU
		{EACD1C18-EF5D-5A06-3D42-D1C14C0706F1}.Release|Any CPU.ActiveCfg = Release|Any CPU
		{EACD1C18-EF5D-5A06-3D42-D1C14C0706F1}.Release|Any CPU.Build.0 = Release|Any CPU
	EndGlobalSection
	GlobalSection(SolutionProperties) = preSolution
		HideSolutionNode = FALSE
	EndGlobalSection
EndGlobal
